
Microsoft Visual Studio Solution File, Format Version 11.00
# Visual Studio 2010
Project("{FAE04EC0-301F-11D3-BF4B-00C04F79EFBC}") = "Assembly-CSharp", "Assembly-CSharp.csproj", "{7ac725ef-d36f-5d9d-9723-586fa3b78feb}"
EndProject
Global
	GlobalSection(SolutionConfigurationPlatforms) = preSolution
		Debug|Any CPU = Debug|Any CPU
		Release|Any CPU = Release|Any CPU
	EndGlobalSection
	GlobalSection(ProjectConfigurationPlatforms) = postSolution
		{7ac725ef-d36f-5d9d-9723-586fa3b78feb}.Debug|Any CPU.ActiveCfg = Debug|Any CPU
		{7ac725ef-d36f-5d9d-9723-586fa3b78feb}.Debug|Any CPU.Build.0 = Debug|Any CPU
		{7ac725ef-d36f-5d9d-9723-586fa3b78feb}.Release|Any CPU.ActiveCfg = Release|Any CPU
		{7ac725ef-d36f-5d9d-9723-586fa3b78feb}.Release|Any CPU.Build.0 = Release|Any CPU
	EndGlobalSection
	GlobalSection(SolutionProperties) = preSolution
		HideSolutionNode = FALSE
	EndGlobalSection
EndGlobal
